
Microsoft Visual Studio Solution File, Format Version 12.00
# Visual Studio Version 17
VisualStudioVersion = 17.0.31903.59
MinimumVisualStudioVersion = 10.0.40219.1
Project("{9A19103F-16F7-4668-BE54-9A1E7A4F7556}") = "iForce.Web", "iForce.Web\iForce.Web.csproj", "{3D1BCEF8-E5B7-41E7-A417-7325DBD36E0F}"
EndProject
Project("{9A19103F-16F7-4668-BE54-9A1E7A4F7556}") = "iForce.Domain", "iForce.Domain\iForce.Domain.csproj", "{90B3EED6-715F-4191-897E-0EC3321B2DCE}"
EndProject
Project("{9A19103F-16F7-4668-BE54-9A1E7A4F7556}") = "iForce.Data", "iForce.Data\iForce.Data.csproj", "{21DD91F8-0D1F-419A-A749-660C8506349A}"
EndProject
Project("{FAE04EC0-301F-11D3-BF4B-00C04F79EFBC}") = "iForce.App", "iForce.App\iForce.App.csproj", "{2EA78203-0281-4359-9502-90FD6E37D685}"
EndProject
Global
	GlobalSection(SolutionConfigurationPlatforms) = preSolution
		Debug|Any CPU = Debug|Any CPU
		Release|Any CPU = Release|Any CPU
	EndGlobalSection
	GlobalSection(ProjectConfigurationPlatforms) = postSolution
		{3D1BCEF8-E5B7-41E7-A417-7325DBD36E0F}.Debug|Any CPU.ActiveCfg = Debug|Any CPU
		{3D1BCEF8-E5B7-41E7-A417-7325DBD36E0F}.Debug|Any CPU.Build.0 = Debug|Any CPU
		{3D1BCEF8-E5B7-41E7-A417-7325DBD36E0F}.Release|Any CPU.ActiveCfg = Release|Any CPU
		{3D1BCEF8-E5B7-41E7-A417-7325DBD36E0F}.Release|Any CPU.Build.0 = Release|Any CPU
		{90B3EED6-715F-4191-897E-0EC3321B2DCE}.Debug|Any CPU.ActiveCfg = Debug|Any CPU
		{90B3EED6-715F-4191-897E-0EC3321B2DCE}.Debug|Any CPU.Build.0 = Debug|Any CPU
		{90B3EED6-715F-4191-897E-0EC3321B2DCE}.Release|Any CPU.ActiveCfg = Release|Any CPU
		{90B3EED6-715F-4191-897E-0EC3321B2DCE}.Release|Any CPU.Build.0 = Release|Any CPU
		{21DD91F8-0D1F-419A-A749-660C8506349A}.Debug|Any CPU.ActiveCfg = Debug|Any CPU
		{21DD91F8-0D1F-419A-A749-660C8506349A}.Debug|Any CPU.Build.0 = Debug|Any CPU
		{21DD91F8-0D1F-419A-A749-660C8506349A}.Release|Any CPU.ActiveCfg = Release|Any CPU
		{21DD91F8-0D1F-419A-A749-660C8506349A}.Release|Any CPU.Build.0 = Release|Any CPU
		{2EA78203-0281-4359-9502-90FD6E37D685}.Debug|Any CPU.ActiveCfg = Debug|Any CPU
		{2EA78203-0281-4359-9502-90FD6E37D685}.Debug|Any CPU.Build.0 = Debug|Any CPU
		{2EA78203-0281-4359-9502-90FD6E37D685}.Release|Any CPU.ActiveCfg = Release|Any CPU
		{2EA78203-0281-4359-9502-90FD6E37D685}.Release|Any CPU.Build.0 = Release|Any CPU
	EndGlobalSection
	GlobalSection(SolutionProperties) = preSolution
		HideSolutionNode = FALSE
	EndGlobalSection
	GlobalSection(ExtensibilityGlobals) = postSolution
		SolutionGuid = {9C63FBF2-897B-473D-903C-FB3323C4289B}
	EndGlobalSection
EndGlobal
